// !$*UTF8*$!
{
	archiveVersion = 1;
	classes = {
	};
	objectVersion = 46;
	objects = {

/* Begin PBXBuildFile section */
		8618949D1E720B0000A8E560 /* PlayGameViewController.swift in Sources */ = {isa = PBXBuildFile; fileRef = 8618949C1E720B0000A8E560 /* PlayGameViewController.swift */; };
		8633490D1E728DA500828A3F /* ManageViewController.swift in Sources */ = {isa = PBXBuildFile; fileRef = 8633490C1E728DA500828A3F /* ManageViewController.swift */; };
		8633490F1E74A89500828A3F /* FrameExtractor.swift in Sources */ = {isa = PBXBuildFile; fileRef = 8633490E1E74A89500828A3F /* FrameExtractor.swift */; };
		86A1FE5B1E7798F300979F6B /* Utility.swift in Sources */ = {isa = PBXBuildFile; fileRef = 86A1FE5A1E7798F300979F6B /* Utility.swift */; };
		86A1FE5D1E77991400979F6B /* CreateViewController.swift in Sources */ = {isa = PBXBuildFile; fileRef = 86A1FE5C1E77991400979F6B /* CreateViewController.swift */; };
		86DA92051E9C2AB800D1F23E /* ProgressLauncher.swift in Sources */ = {isa = PBXBuildFile; fileRef = 86DA92041E9C2AB800D1F23E /* ProgressLauncher.swift */; };
		86DA92071E9C2B9400D1F23E /* Cells.swift in Sources */ = {isa = PBXBuildFile; fileRef = 86DA92061E9C2B9400D1F23E /* Cells.swift */; };
		86F1F4761E6BBE7F00DCCAB4 /* aux.t7 in Resources */ = {isa = PBXBuildFile; fileRef = 86F1F4701E6BBE7F00DCCAB4 /* aux.t7 */; };
		86F1F4771E6BBE7F00DCCAB4 /* categories.txt in Resources */ = {isa = PBXBuildFile; fileRef = 86F1F4711E6BBE7F00DCCAB4 /* categories.txt */; };
		86F1F4781E6BBE7F00DCCAB4 /* classes.t7 in Resources */ = {isa = PBXBuildFile; fileRef = 86F1F4721E6BBE7F00DCCAB4 /* classes.t7 */; };
		86F1F4791E6BBE8000DCCAB4 /* model.net in Resources */ = {isa = PBXBuildFile; fileRef = 86F1F4731E6BBE7F00DCCAB4 /* model.net */; };
		86F1F47A1E6BBE8000DCCAB4 /* README.rtf in Resources */ = {isa = PBXBuildFile; fileRef = 86F1F4741E6BBE7F00DCCAB4 /* README.rtf */; };
		86F1F47B1E6BBE8000DCCAB4 /* stat.t7 in Resources */ = {isa = PBXBuildFile; fileRef = 86F1F4751E6BBE7F00DCCAB4 /* stat.t7 */; };
		86F1F47E1E6E0F2400DCCAB4 /* MenuViewController.swift in Sources */ = {isa = PBXBuildFile; fileRef = 86F1F47D1E6E0F2400DCCAB4 /* MenuViewController.swift */; };
		86F1F4821E6F632B00DCCAB4 /* LoadViewController.swift in Sources */ = {isa = PBXBuildFile; fileRef = 86F1F4811E6F632B00DCCAB4 /* LoadViewController.swift */; };
		86F1F4861E714AC400DCCAB4 /* SaveData.swift in Sources */ = {isa = PBXBuildFile; fileRef = 86F1F4851E714AC400DCCAB4 /* SaveData.swift */; };
		C1159EB31E69E4D200ABF833 /* Accelerate.framework in Frameworks */ = {isa = PBXBuildFile; fileRef = C1159EB21E69E4D200ABF833 /* Accelerate.framework */; };
		C1159EB51E69E64C00ABF833 /* AppDelegate.swift in Sources */ = {isa = PBXBuildFile; fileRef = C1FBFFEA1E57C668002EF598 /* AppDelegate.swift */; };
		C1159EB61E69E64C00ABF833 /* ViewController.swift in Sources */ = {isa = PBXBuildFile; fileRef = C1FBFFEC1E57C668002EF598 /* ViewController.swift */; };
		C1159EBC1E69E99E00ABF833 /* Images.xcassets in Resources */ = {isa = PBXBuildFile; fileRef = C1159EBB1E69E99E00ABF833 /* Images.xcassets */; };
		C12BF18E1E69E46E00D24035 /* CAddTable.c in Sources */ = {isa = PBXBuildFile; fileRef = C12BF1781E69E46E00D24035 /* CAddTable.c */; };
		C12BF18F1E69E46E00D24035 /* Concat.c in Sources */ = {isa = PBXBuildFile; fileRef = C12BF17A1E69E46E00D24035 /* Concat.c */; };
		C12BF1901E69E46E00D24035 /* ConcatTable.c in Sources */ = {isa = PBXBuildFile; fileRef = C12BF17B1E69E46E00D24035 /* ConcatTable.c */; };
		C12BF1911E69E46E00D24035 /* Dropout.c in Sources */ = {isa = PBXBuildFile; fileRef = C12BF17C1E69E46E00D24035 /* Dropout.c */; };
		C12BF1921E69E46E00D24035 /* JoinTable.c in Sources */ = {isa = PBXBuildFile; fileRef = C12BF17D1E69E46E00D24035 /* JoinTable.c */; };
		C12BF1931E69E46E00D24035 /* Linear.c in Sources */ = {isa = PBXBuildFile; fileRef = C12BF17E1E69E46E00D24035 /* Linear.c */; };
		C12BF1941E69E46E00D24035 /* Normalize.c in Sources */ = {isa = PBXBuildFile; fileRef = C12BF17F1E69E46E00D24035 /* Normalize.c */; };
		C12BF1951E69E46E00D24035 /* PReLU.c in Sources */ = {isa = PBXBuildFile; fileRef = C12BF1801E69E46E00D24035 /* PReLU.c */; };
		C12BF1961E69E46E00D24035 /* Reshape.c in Sources */ = {isa = PBXBuildFile; fileRef = C12BF1811E69E46E00D24035 /* Reshape.c */; };
		C12BF1971E69E46E00D24035 /* Sequential.c in Sources */ = {isa = PBXBuildFile; fileRef = C12BF1821E69E46E00D24035 /* Sequential.c */; };
		C12BF1981E69E46E00D24035 /* SoftMax.c in Sources */ = {isa = PBXBuildFile; fileRef = C12BF1831E69E46E00D24035 /* SoftMax.c */; };
		C12BF1991E69E46E00D24035 /* SpatialAveragePooling.c in Sources */ = {isa = PBXBuildFile; fileRef = C12BF1841E69E46E00D24035 /* SpatialAveragePooling.c */; };
		C12BF19A1E69E46E00D24035 /* SpatialBatchNormalization.c in Sources */ = {isa = PBXBuildFile; fileRef = C12BF1851E69E46E00D24035 /* SpatialBatchNormalization.c */; };
		C12BF19B1E69E46E00D24035 /* SpatialConvolution.c in Sources */ = {isa = PBXBuildFile; fileRef = C12BF1861E69E46E00D24035 /* SpatialConvolution.c */; };
		C12BF19C1E69E46E00D24035 /* SpatialConvolutionMM.c in Sources */ = {isa = PBXBuildFile; fileRef = C12BF1871E69E46E00D24035 /* SpatialConvolutionMM.c */; settings = {COMPILER_FLAGS = "-DUSEBLAS -DACCELERATE"; }; };
		C12BF19D1E69E46E00D24035 /* SpatialFullConvolution.c in Sources */ = {isa = PBXBuildFile; fileRef = C12BF1881E69E46E00D24035 /* SpatialFullConvolution.c */; };
		C12BF19E1E69E46E00D24035 /* SpatialMaxPooling.c in Sources */ = {isa = PBXBuildFile; fileRef = C12BF1891E69E46E00D24035 /* SpatialMaxPooling.c */; };
		C12BF19F1E69E46E00D24035 /* SpatialMaxUnpooling.c in Sources */ = {isa = PBXBuildFile; fileRef = C12BF18A1E69E46E00D24035 /* SpatialMaxUnpooling.c */; };
		C12BF1A01E69E46E00D24035 /* SpatialZeroPadding.c in Sources */ = {isa = PBXBuildFile; fileRef = C12BF18B1E69E46E00D24035 /* SpatialZeroPadding.c */; };
		C12BF1A11E69E46E00D24035 /* Threshold.c in Sources */ = {isa = PBXBuildFile; fileRef = C12BF18C1E69E46E00D24035 /* Threshold.c */; };
		C12BF1A21E69E46E00D24035 /* View.c in Sources */ = {isa = PBXBuildFile; fileRef = C12BF18D1E69E46E00D24035 /* View.c */; };
		C12BF1AA1E69E48500D24035 /* memorydebug.c in Sources */ = {isa = PBXBuildFile; fileRef = C12BF1A31E69E48500D24035 /* memorydebug.c */; };
		C12BF1AB1E69E48500D24035 /* pytorch.c in Sources */ = {isa = PBXBuildFile; fileRef = C12BF1A41E69E48500D24035 /* pytorch.c */; };
		C12BF1AC1E69E48500D24035 /* thapi.c in Sources */ = {isa = PBXBuildFile; fileRef = C12BF1A51E69E48500D24035 /* thapi.c */; settings = {COMPILER_FLAGS = "-DUSEBLAS -DACCELERATE"; }; };
		C12BF1AD1E69E48500D24035 /* thbasic.c in Sources */ = {isa = PBXBuildFile; fileRef = C12BF1A61E69E48500D24035 /* thbasic.c */; settings = {COMPILER_FLAGS = "-DUSEBLAS -DACCELERATE"; }; };
		C12BF1AE1E69E48500D24035 /* thload.c in Sources */ = {isa = PBXBuildFile; fileRef = C12BF1A71E69E48500D24035 /* thload.c */; };
		C1FBFFF01E57C668002EF598 /* Main.storyboard in Resources */ = {isa = PBXBuildFile; fileRef = C1FBFFEE1E57C668002EF598 /* Main.storyboard */; };
		C1FBFFF51E57C668002EF598 /* LaunchScreen.storyboard in Resources */ = {isa = PBXBuildFile; fileRef = C1FBFFF31E57C668002EF598 /* LaunchScreen.storyboard */; };
		C44E930CDD4A3C5B18AF0695 /* Pods_AIperLife_iOs.framework in Frameworks */ = {isa = PBXBuildFile; fileRef = 73827696DC4927B18A418426 /* Pods_AIperLife_iOs.framework */; };
/* End PBXBuildFile section */

/* Begin PBXFileReference section */
		1650FA7F76B427E09C935048 /* Pods-AIperLife-iOs.release.xcconfig */ = {isa = PBXFileReference; includeInIndex = 1; lastKnownFileType = text.xcconfig; name = "Pods-AIperLife-iOs.release.xcconfig"; path = "Pods/Target Support Files/Pods-AIperLife-iOs/Pods-AIperLife-iOs.release.xcconfig"; sourceTree = "<group>"; };
		73827696DC4927B18A418426 /* Pods_AIperLife_iOs.framework */ = {isa = PBXFileReference; explicitFileType = wrapper.framework; includeInIndex = 0; path = Pods_AIperLife_iOs.framework; sourceTree = BUILT_PRODUCTS_DIR; };
		8618949C1E720B0000A8E560 /* PlayGameViewController.swift */ = {isa = PBXFileReference; fileEncoding = 4; lastKnownFileType = sourcecode.swift; path = PlayGameViewController.swift; sourceTree = "<group>"; };
		8633490C1E728DA500828A3F /* ManageViewController.swift */ = {isa = PBXFileReference; fileEncoding = 4; lastKnownFileType = sourcecode.swift; path = ManageViewController.swift; sourceTree = "<group>"; };
		8633490E1E74A89500828A3F /* FrameExtractor.swift */ = {isa = PBXFileReference; fileEncoding = 4; lastKnownFileType = sourcecode.swift; path = FrameExtractor.swift; sourceTree = "<group>"; };
		86A1FE5A1E7798F300979F6B /* Utility.swift */ = {isa = PBXFileReference; fileEncoding = 4; lastKnownFileType = sourcecode.swift; path = Utility.swift; sourceTree = "<group>"; };
		86A1FE5C1E77991400979F6B /* CreateViewController.swift */ = {isa = PBXFileReference; fileEncoding = 4; lastKnownFileType = sourcecode.swift; path = CreateViewController.swift; sourceTree = "<group>"; };
		86DA92041E9C2AB800D1F23E /* ProgressLauncher.swift */ = {isa = PBXFileReference; fileEncoding = 4; lastKnownFileType = sourcecode.swift; path = ProgressLauncher.swift; sourceTree = "<group>"; };
		86DA92061E9C2B9400D1F23E /* Cells.swift */ = {isa = PBXFileReference; fileEncoding = 4; lastKnownFileType = sourcecode.swift; path = Cells.swift; sourceTree = "<group>"; };
		86F1F4701E6BBE7F00DCCAB4 /* aux.t7 */ = {isa = PBXFileReference; lastKnownFileType = file; path = aux.t7; sourceTree = "<group>"; };
		86F1F4711E6BBE7F00DCCAB4 /* categories.txt */ = {isa = PBXFileReference; fileEncoding = 4; lastKnownFileType = text; path = categories.txt; sourceTree = "<group>"; };
		86F1F4721E6BBE7F00DCCAB4 /* classes.t7 */ = {isa = PBXFileReference; lastKnownFileType = file; path = classes.t7; sourceTree = "<group>"; };
		86F1F4731E6BBE7F00DCCAB4 /* model.net */ = {isa = PBXFileReference; lastKnownFileType = file; path = model.net; sourceTree = "<group>"; };
		86F1F4741E6BBE7F00DCCAB4 /* README.rtf */ = {isa = PBXFileReference; fileEncoding = 4; lastKnownFileType = text.rtf; path = README.rtf; sourceTree = "<group>"; };
		86F1F4751E6BBE7F00DCCAB4 /* stat.t7 */ = {isa = PBXFileReference; lastKnownFileType = file; path = stat.t7; sourceTree = "<group>"; };
		86F1F47D1E6E0F2400DCCAB4 /* MenuViewController.swift */ = {isa = PBXFileReference; fileEncoding = 4; lastKnownFileType = sourcecode.swift; path = MenuViewController.swift; sourceTree = "<group>"; };
		86F1F4811E6F632B00DCCAB4 /* LoadViewController.swift */ = {isa = PBXFileReference; fileEncoding = 4; lastKnownFileType = sourcecode.swift; path = LoadViewController.swift; sourceTree = "<group>"; };
		86F1F4851E714AC400DCCAB4 /* SaveData.swift */ = {isa = PBXFileReference; fileEncoding = 4; lastKnownFileType = sourcecode.swift; path = SaveData.swift; sourceTree = "<group>"; };
		9B57AC93F5A9923F2B6080A2 /* Pods-AIperLife-iOs.debug.xcconfig */ = {isa = PBXFileReference; includeInIndex = 1; lastKnownFileType = text.xcconfig; name = "Pods-AIperLife-iOs.debug.xcconfig"; path = "Pods/Target Support Files/Pods-AIperLife-iOs/Pods-AIperLife-iOs.debug.xcconfig"; sourceTree = "<group>"; };
		C1159EB21E69E4D200ABF833 /* Accelerate.framework */ = {isa = PBXFileReference; lastKnownFileType = wrapper.framework; name = Accelerate.framework; path = System/Library/Frameworks/Accelerate.framework; sourceTree = SDKROOT; };
		C1159EB41E69E57A00ABF833 /* thvector.h */ = {isa = PBXFileReference; lastKnownFileType = sourcecode.c.h; name = thvector.h; path = thnets/thvector.h; sourceTree = "<group>"; };
		C1159EBB1E69E99E00ABF833 /* Images.xcassets */ = {isa = PBXFileReference; lastKnownFileType = folder.assetcatalog; path = Images.xcassets; sourceTree = "<group>"; };
		C12BF16B1E69E3BF00D24035 /* AIperLife-iOs.app */ = {isa = PBXFileReference; explicitFileType = wrapper.application; includeInIndex = 0; path = "AIperLife-iOs.app"; sourceTree = BUILT_PRODUCTS_DIR; };
		C12BF1781E69E46E00D24035 /* CAddTable.c */ = {isa = PBXFileReference; fileEncoding = 4; lastKnownFileType = sourcecode.c.c; path = CAddTable.c; sourceTree = "<group>"; };
		C12BF17A1E69E46E00D24035 /* Concat.c */ = {isa = PBXFileReference; fileEncoding = 4; lastKnownFileType = sourcecode.c.c; path = Concat.c; sourceTree = "<group>"; };
		C12BF17B1E69E46E00D24035 /* ConcatTable.c */ = {isa = PBXFileReference; fileEncoding = 4; lastKnownFileType = sourcecode.c.c; path = ConcatTable.c; sourceTree = "<group>"; };
		C12BF17C1E69E46E00D24035 /* Dropout.c */ = {isa = PBXFileReference; fileEncoding = 4; lastKnownFileType = sourcecode.c.c; path = Dropout.c; sourceTree = "<group>"; };
		C12BF17D1E69E46E00D24035 /* JoinTable.c */ = {isa = PBXFileReference; fileEncoding = 4; lastKnownFileType = sourcecode.c.c; path = JoinTable.c; sourceTree = "<group>"; };
		C12BF17E1E69E46E00D24035 /* Linear.c */ = {isa = PBXFileReference; fileEncoding = 4; lastKnownFileType = sourcecode.c.c; path = Linear.c; sourceTree = "<group>"; };
		C12BF17F1E69E46E00D24035 /* Normalize.c */ = {isa = PBXFileReference; fileEncoding = 4; lastKnownFileType = sourcecode.c.c; path = Normalize.c; sourceTree = "<group>"; };
		C12BF1801E69E46E00D24035 /* PReLU.c */ = {isa = PBXFileReference; fileEncoding = 4; lastKnownFileType = sourcecode.c.c; path = PReLU.c; sourceTree = "<group>"; };
		C12BF1811E69E46E00D24035 /* Reshape.c */ = {isa = PBXFileReference; fileEncoding = 4; lastKnownFileType = sourcecode.c.c; path = Reshape.c; sourceTree = "<group>"; };
		C12BF1821E69E46E00D24035 /* Sequential.c */ = {isa = PBXFileReference; fileEncoding = 4; lastKnownFileType = sourcecode.c.c; path = Sequential.c; sourceTree = "<group>"; };
		C12BF1831E69E46E00D24035 /* SoftMax.c */ = {isa = PBXFileReference; fileEncoding = 4; lastKnownFileType = sourcecode.c.c; path = SoftMax.c; sourceTree = "<group>"; };
		C12BF1841E69E46E00D24035 /* SpatialAveragePooling.c */ = {isa = PBXFileReference; fileEncoding = 4; lastKnownFileType = sourcecode.c.c; path = SpatialAveragePooling.c; sourceTree = "<group>"; };
		C12BF1851E69E46E00D24035 /* SpatialBatchNormalization.c */ = {isa = PBXFileReference; fileEncoding = 4; lastKnownFileType = sourcecode.c.c; path = SpatialBatchNormalization.c; sourceTree = "<group>"; };
		C12BF1861E69E46E00D24035 /* SpatialConvolution.c */ = {isa = PBXFileReference; fileEncoding = 4; lastKnownFileType = sourcecode.c.c; path = SpatialConvolution.c; sourceTree = "<group>"; };
		C12BF1871E69E46E00D24035 /* SpatialConvolutionMM.c */ = {isa = PBXFileReference; fileEncoding = 4; lastKnownFileType = sourcecode.c.c; path = SpatialConvolutionMM.c; sourceTree = "<group>"; };
		C12BF1881E69E46E00D24035 /* SpatialFullConvolution.c */ = {isa = PBXFileReference; fileEncoding = 4; lastKnownFileType = sourcecode.c.c; path = SpatialFullConvolution.c; sourceTree = "<group>"; };
		C12BF1891E69E46E00D24035 /* SpatialMaxPooling.c */ = {isa = PBXFileReference; fileEncoding = 4; lastKnownFileType = sourcecode.c.c; path = SpatialMaxPooling.c; sourceTree = "<group>"; };
		C12BF18A1E69E46E00D24035 /* SpatialMaxUnpooling.c */ = {isa = PBXFileReference; fileEncoding = 4; lastKnownFileType = sourcecode.c.c; path = SpatialMaxUnpooling.c; sourceTree = "<group>"; };
		C12BF18B1E69E46E00D24035 /* SpatialZeroPadding.c */ = {isa = PBXFileReference; fileEncoding = 4; lastKnownFileType = sourcecode.c.c; path = SpatialZeroPadding.c; sourceTree = "<group>"; };
		C12BF18C1E69E46E00D24035 /* Threshold.c */ = {isa = PBXFileReference; fileEncoding = 4; lastKnownFileType = sourcecode.c.c; path = Threshold.c; sourceTree = "<group>"; };
		C12BF18D1E69E46E00D24035 /* View.c */ = {isa = PBXFileReference; fileEncoding = 4; lastKnownFileType = sourcecode.c.c; path = View.c; sourceTree = "<group>"; };
		C12BF1A31E69E48500D24035 /* memorydebug.c */ = {isa = PBXFileReference; fileEncoding = 4; lastKnownFileType = sourcecode.c.c; name = memorydebug.c; path = thnets/memorydebug.c; sourceTree = "<group>"; };
		C12BF1A41E69E48500D24035 /* pytorch.c */ = {isa = PBXFileReference; fileEncoding = 4; lastKnownFileType = sourcecode.c.c; name = pytorch.c; path = thnets/pytorch.c; sourceTree = "<group>"; };
		C12BF1A51E69E48500D24035 /* thapi.c */ = {isa = PBXFileReference; fileEncoding = 4; lastKnownFileType = sourcecode.c.c; name = thapi.c; path = thnets/thapi.c; sourceTree = "<group>"; };
		C12BF1A61E69E48500D24035 /* thbasic.c */ = {isa = PBXFileReference; fileEncoding = 4; lastKnownFileType = sourcecode.c.c; name = thbasic.c; path = thnets/thbasic.c; sourceTree = "<group>"; };
		C12BF1A71E69E48500D24035 /* thload.c */ = {isa = PBXFileReference; fileEncoding = 4; lastKnownFileType = sourcecode.c.c; name = thload.c; path = thnets/thload.c; sourceTree = "<group>"; };
		C12BF1A91E69E48500D24035 /* thnets.h */ = {isa = PBXFileReference; fileEncoding = 4; lastKnownFileType = sourcecode.c.h; name = thnets.h; path = thnets/thnets.h; sourceTree = "<group>"; };
		C1FBFFEA1E57C668002EF598 /* AppDelegate.swift */ = {isa = PBXFileReference; lastKnownFileType = sourcecode.swift; path = AppDelegate.swift; sourceTree = "<group>"; };
		C1FBFFEC1E57C668002EF598 /* ViewController.swift */ = {isa = PBXFileReference; lastKnownFileType = sourcecode.swift; path = ViewController.swift; sourceTree = "<group>"; };
		C1FBFFEF1E57C668002EF598 /* Base */ = {isa = PBXFileReference; lastKnownFileType = file.storyboard; name = Base; path = Base.lproj/Main.storyboard; sourceTree = "<group>"; };
		C1FBFFF41E57C668002EF598 /* Base */ = {isa = PBXFileReference; lastKnownFileType = file.storyboard; name = Base; path = Base.lproj/LaunchScreen.storyboard; sourceTree = "<group>"; };
		C1FBFFF61E57C668002EF598 /* Info.plist */ = {isa = PBXFileReference; lastKnownFileType = text.plist.xml; path = Info.plist; sourceTree = "<group>"; };
/* End PBXFileReference section */

/* Begin PBXFrameworksBuildPhase section */
		C1FBFFE41E57C668002EF598 /* Frameworks */ = {
			isa = PBXFrameworksBuildPhase;
			buildActionMask = 2147483647;
			files = (
				C1159EB31E69E4D200ABF833 /* Accelerate.framework in Frameworks */,
				C44E930CDD4A3C5B18AF0695 /* Pods_AIperLife_iOs.framework in Frameworks */,
			);
			runOnlyForDeploymentPostprocessing = 0;
		};
/* End PBXFrameworksBuildPhase section */

/* Begin PBXGroup section */
		86F1F46F1E6BBE7F00DCCAB4 /* neural-nets */ = {
			isa = PBXGroup;
			children = (
				86F1F4701E6BBE7F00DCCAB4 /* aux.t7 */,
				86F1F4711E6BBE7F00DCCAB4 /* categories.txt */,
				86F1F4721E6BBE7F00DCCAB4 /* classes.t7 */,
				86F1F4731E6BBE7F00DCCAB4 /* model.net */,
				86F1F4741E6BBE7F00DCCAB4 /* README.rtf */,
				86F1F4751E6BBE7F00DCCAB4 /* stat.t7 */,
			);
			path = "neural-nets";
			sourceTree = "<group>";
		};
		B897925F135D5116ABCB45F6 /* Pods */ = {
			isa = PBXGroup;
			children = (
				9B57AC93F5A9923F2B6080A2 /* Pods-AIperLife-iOs.debug.xcconfig */,
				1650FA7F76B427E09C935048 /* Pods-AIperLife-iOs.release.xcconfig */,
			);
			name = Pods;
			sourceTree = "<group>";
		};
		C1159EB11E69E4D100ABF833 /* Frameworks */ = {
			isa = PBXGroup;
			children = (
				C1159EB21E69E4D200ABF833 /* Accelerate.framework */,
				73827696DC4927B18A418426 /* Pods_AIperLife_iOs.framework */,
			);
			name = Frameworks;
			sourceTree = "<group>";
		};
		C12BF1761E69E45D00D24035 /* thnets */ = {
			isa = PBXGroup;
			children = (
				C1159EB41E69E57A00ABF833 /* thvector.h */,
				C12BF1A31E69E48500D24035 /* memorydebug.c */,
				C12BF1A41E69E48500D24035 /* pytorch.c */,
				C12BF1A51E69E48500D24035 /* thapi.c */,
				C12BF1A61E69E48500D24035 /* thbasic.c */,
				C12BF1A71E69E48500D24035 /* thload.c */,
				C12BF1A91E69E48500D24035 /* thnets.h */,
				C12BF1771E69E46E00D24035 /* modules */,
			);
			name = thnets;
			sourceTree = "<group>";
		};
		C12BF1771E69E46E00D24035 /* modules */ = {
			isa = PBXGroup;
			children = (
				C12BF1781E69E46E00D24035 /* CAddTable.c */,
				C12BF17A1E69E46E00D24035 /* Concat.c */,
				C12BF17B1E69E46E00D24035 /* ConcatTable.c */,
				C12BF17C1E69E46E00D24035 /* Dropout.c */,
				C12BF17D1E69E46E00D24035 /* JoinTable.c */,
				C12BF17E1E69E46E00D24035 /* Linear.c */,
				C12BF17F1E69E46E00D24035 /* Normalize.c */,
				C12BF1801E69E46E00D24035 /* PReLU.c */,
				C12BF1811E69E46E00D24035 /* Reshape.c */,
				C12BF1821E69E46E00D24035 /* Sequential.c */,
				C12BF1831E69E46E00D24035 /* SoftMax.c */,
				C12BF1841E69E46E00D24035 /* SpatialAveragePooling.c */,
				C12BF1851E69E46E00D24035 /* SpatialBatchNormalization.c */,
				C12BF1861E69E46E00D24035 /* SpatialConvolution.c */,
				C12BF1871E69E46E00D24035 /* SpatialConvolutionMM.c */,
				C12BF1881E69E46E00D24035 /* SpatialFullConvolution.c */,
				C12BF1891E69E46E00D24035 /* SpatialMaxPooling.c */,
				C12BF18A1E69E46E00D24035 /* SpatialMaxUnpooling.c */,
				C12BF18B1E69E46E00D24035 /* SpatialZeroPadding.c */,
				C12BF18C1E69E46E00D24035 /* Threshold.c */,
				C12BF18D1E69E46E00D24035 /* View.c */,
			);
			name = modules;
			path = thnets/modules;
			sourceTree = "<group>";
		};
		C1FBFFDE1E57C668002EF598 = {
			isa = PBXGroup;
			children = (
				86F1F46F1E6BBE7F00DCCAB4 /* neural-nets */,
				C12BF1761E69E45D00D24035 /* thnets */,
				C1FBFFE91E57C668002EF598 /* AIperLife-iOs */,
				C12BF16B1E69E3BF00D24035 /* AIperLife-iOs.app */,
				C1159EB11E69E4D100ABF833 /* Frameworks */,
				B897925F135D5116ABCB45F6 /* Pods */,
			);
			sourceTree = "<group>";
		};
		C1FBFFE91E57C668002EF598 /* AIperLife-iOs */ = {
			isa = PBXGroup;
			children = (
				C1FBFFEA1E57C668002EF598 /* AppDelegate.swift */,
				C1FBFFEC1E57C668002EF598 /* ViewController.swift */,
				86F1F4851E714AC400DCCAB4 /* SaveData.swift */,
				C1FBFFEE1E57C668002EF598 /* Main.storyboard */,
				86F1F4811E6F632B00DCCAB4 /* LoadViewController.swift */,
				86F1F47D1E6E0F2400DCCAB4 /* MenuViewController.swift */,
				8618949C1E720B0000A8E560 /* PlayGameViewController.swift */,
				C1FBFFF31E57C668002EF598 /* LaunchScreen.storyboard */,
				C1FBFFF61E57C668002EF598 /* Info.plist */,
				C1159EBB1E69E99E00ABF833 /* Images.xcassets */,
				8633490C1E728DA500828A3F /* ManageViewController.swift */,
				8633490E1E74A89500828A3F /* FrameExtractor.swift */,
				86A1FE5A1E7798F300979F6B /* Utility.swift */,
				86A1FE5C1E77991400979F6B /* CreateViewController.swift */,
				86DA92041E9C2AB800D1F23E /* ProgressLauncher.swift */,
				86DA92061E9C2B9400D1F23E /* Cells.swift */,
			);
			path = "AIperLife-iOs";
			sourceTree = "<group>";
		};
/* End PBXGroup section */

/* Begin PBXNativeTarget section */
		C1FBFFE61E57C668002EF598 /* AIperLife-iOs */ = {
			isa = PBXNativeTarget;
			buildConfigurationList = C1FB000F1E57C668002EF598 /* Build configuration list for PBXNativeTarget "AIperLife-iOs" */;
			buildPhases = (
				BDA55CCA2E3B7114671470BE /* [CP] Check Pods Manifest.lock */,
				C1FBFFE31E57C668002EF598 /* Sources */,
				C1FBFFE41E57C668002EF598 /* Frameworks */,
				C1FBFFE51E57C668002EF598 /* Resources */,
				17B8967A1E2E391597E99630 /* [CP] Embed Pods Frameworks */,
				7DFF94C5263DF2FD51C9B87E /* [CP] Copy Pods Resources */,
			);
			buildRules = (
			);
			dependencies = (
			);
			name = "AIperLife-iOs";
			productName = "AIperLife-iOs";
			productReference = C12BF16B1E69E3BF00D24035 /* AIperLife-iOs.app */;
			productType = "com.apple.product-type.application";
		};
/* End PBXNativeTarget section */

/* Begin PBXProject section */
		C1FBFFDF1E57C668002EF598 /* Project object */ = {
			isa = PBXProject;
			attributes = {
				LastSwiftUpdateCheck = 0820;
				LastUpgradeCheck = 0820;
				ORGANIZATIONNAME = "Eugenio Culurciello";
				TargetAttributes = {
					C1FBFFE61E57C668002EF598 = {
						CreatedOnToolsVersion = 8.2.1;
						DevelopmentTeam = 6M8TQ93XUP;
						LastSwiftMigration = 0820;
						ProvisioningStyle = Automatic;
					};
				};
			};
			buildConfigurationList = C1FBFFE21E57C668002EF598 /* Build configuration list for PBXProject "AIperLife-iOs" */;
			compatibilityVersion = "Xcode 3.2";
			developmentRegion = English;
			hasScannedForEncodings = 0;
			knownRegions = (
				en,
				Base,
			);
			mainGroup = C1FBFFDE1E57C668002EF598;
			productRefGroup = C1FBFFDE1E57C668002EF598;
			projectDirPath = "";
			projectRoot = "";
			targets = (
				C1FBFFE61E57C668002EF598 /* AIperLife-iOs */,
			);
		};
/* End PBXProject section */

/* Begin PBXResourcesBuildPhase section */
		C1FBFFE51E57C668002EF598 /* Resources */ = {
			isa = PBXResourcesBuildPhase;
			buildActionMask = 2147483647;
			files = (
				86F1F4761E6BBE7F00DCCAB4 /* aux.t7 in Resources */,
				86F1F47B1E6BBE8000DCCAB4 /* stat.t7 in Resources */,
				86F1F4771E6BBE7F00DCCAB4 /* categories.txt in Resources */,
				C1159EBC1E69E99E00ABF833 /* Images.xcassets in Resources */,
				86F1F47A1E6BBE8000DCCAB4 /* README.rtf in Resources */,
				C1FBFFF51E57C668002EF598 /* LaunchScreen.storyboard in Resources */,
				C1FBFFF01E57C668002EF598 /* Main.storyboard in Resources */,
				86F1F4781E6BBE7F00DCCAB4 /* classes.t7 in Resources */,
				86F1F4791E6BBE8000DCCAB4 /* model.net in Resources */,
			);
			runOnlyForDeploymentPostprocessing = 0;
		};
/* End PBXResourcesBuildPhase section */

/* Begin PBXShellScriptBuildPhase section */
		17B8967A1E2E391597E99630 /* [CP] Embed Pods Frameworks */ = {
			isa = PBXShellScriptBuildPhase;
			buildActionMask = 2147483647;
			files = (
			);
			inputPaths = (
			);
			name = "[CP] Embed Pods Frameworks";
			outputPaths = (
			);
			runOnlyForDeploymentPostprocessing = 0;
			shellPath = /bin/sh;
			shellScript = "\"${SRCROOT}/Pods/Target Support Files/Pods-AIperLife-iOs/Pods-AIperLife-iOs-frameworks.sh\"\n";
			showEnvVarsInLog = 0;
		};
		7DFF94C5263DF2FD51C9B87E /* [CP] Copy Pods Resources */ = {
			isa = PBXShellScriptBuildPhase;
			buildActionMask = 2147483647;
			files = (
			);
			inputPaths = (
			);
			name = "[CP] Copy Pods Resources";
			outputPaths = (
			);
			runOnlyForDeploymentPostprocessing = 0;
			shellPath = /bin/sh;
			shellScript = "\"${SRCROOT}/Pods/Target Support Files/Pods-AIperLife-iOs/Pods-AIperLife-iOs-resources.sh\"\n";
			showEnvVarsInLog = 0;
		};
		BDA55CCA2E3B7114671470BE /* [CP] Check Pods Manifest.lock */ = {
			isa = PBXShellScriptBuildPhase;
			buildActionMask = 2147483647;
			files = (
			);
			inputPaths = (
			);
			name = "[CP] Check Pods Manifest.lock";
			outputPaths = (
			);
			runOnlyForDeploymentPostprocessing = 0;
			shellPath = /bin/sh;
			shellScript = "diff \"${PODS_ROOT}/../Podfile.lock\" \"${PODS_ROOT}/Manifest.lock\" > /dev/null\nif [ $? != 0 ] ; then\n    # print error to STDERR\n    echo \"error: The sandbox is not in sync with the Podfile.lock. Run 'pod install' or update your CocoaPods installation.\" >&2\n    exit 1\nfi\n";
			showEnvVarsInLog = 0;
		};
/* End PBXShellScriptBuildPhase section */

/* Begin PBXSourcesBuildPhase section */
		C1FBFFE31E57C668002EF598 /* Sources */ = {
			isa = PBXSourcesBuildPhase;
			buildActionMask = 2147483647;
			files = (
				86A1FE5B1E7798F300979F6B /* Utility.swift in Sources */,
				8633490F1E74A89500828A3F /* FrameExtractor.swift in Sources */,
				86DA92051E9C2AB800D1F23E /* ProgressLauncher.swift in Sources */,
				C1159EB51E69E64C00ABF833 /* AppDelegate.swift in Sources */,
				C1159EB61E69E64C00ABF833 /* ViewController.swift in Sources */,
				8633490D1E728DA500828A3F /* ManageViewController.swift in Sources */,
				C12BF1AD1E69E48500D24035 /* thbasic.c in Sources */,
				C12BF1951E69E46E00D24035 /* PReLU.c in Sources */,
				C12BF18E1E69E46E00D24035 /* CAddTable.c in Sources */,
				C12BF1AE1E69E48500D24035 /* thload.c in Sources */,
				8618949D1E720B0000A8E560 /* PlayGameViewController.swift in Sources */,
				C12BF1901E69E46E00D24035 /* ConcatTable.c in Sources */,
				C12BF18F1E69E46E00D24035 /* Concat.c in Sources */,
				C12BF1921E69E46E00D24035 /* JoinTable.c in Sources */,
				86F1F47E1E6E0F2400DCCAB4 /* MenuViewController.swift in Sources */,
				C12BF1991E69E46E00D24035 /* SpatialAveragePooling.c in Sources */,
				C12BF1AC1E69E48500D24035 /* thapi.c in Sources */,
				86DA92071E9C2B9400D1F23E /* Cells.swift in Sources */,
				C12BF1931E69E46E00D24035 /* Linear.c in Sources */,
				C12BF19F1E69E46E00D24035 /* SpatialMaxUnpooling.c in Sources */,
				C12BF19B1E69E46E00D24035 /* SpatialConvolution.c in Sources */,
				C12BF1971E69E46E00D24035 /* Sequential.c in Sources */,
				86A1FE5D1E77991400979F6B /* CreateViewController.swift in Sources */,
				86F1F4821E6F632B00DCCAB4 /* LoadViewController.swift in Sources */,
				C12BF19C1E69E46E00D24035 /* SpatialConvolutionMM.c in Sources */,
				86F1F4861E714AC400DCCAB4 /* SaveData.swift in Sources */,
				C12BF19D1E69E46E00D24035 /* SpatialFullConvolution.c in Sources */,
				C12BF1911E69E46E00D24035 /* Dropout.c in Sources */,
				C12BF1A01E69E46E00D24035 /* SpatialZeroPadding.c in Sources */,
				C12BF1AB1E69E48500D24035 /* pytorch.c in Sources */,
				C12BF19E1E69E46E00D24035 /* SpatialMaxPooling.c in Sources */,
				C12BF1A21E69E46E00D24035 /* View.c in Sources */,
				C12BF19A1E69E46E00D24035 /* SpatialBatchNormalization.c in Sources */,
				C12BF1981E69E46E00D24035 /* SoftMax.c in Sources */,
				C12BF1A11E69E46E00D24035 /* Threshold.c in Sources */,
				C12BF1941E69E46E00D24035 /* Normalize.c in Sources */,
				C12BF1AA1E69E48500D24035 /* memorydebug.c in Sources */,
				C12BF1961E69E46E00D24035 /* Reshape.c in Sources */,
			);
			runOnlyForDeploymentPostprocessing = 0;
		};
/* End PBXSourcesBuildPhase section */

/* Begin PBXVariantGroup section */
		C1FBFFEE1E57C668002EF598 /* Main.storyboard */ = {
			isa = PBXVariantGroup;
			children = (
				C1FBFFEF1E57C668002EF598 /* Base */,
			);
			name = Main.storyboard;
			sourceTree = "<group>";
		};
		C1FBFFF31E57C668002EF598 /* LaunchScreen.storyboard */ = {
			isa = PBXVariantGroup;
			children = (
				C1FBFFF41E57C668002EF598 /* Base */,
			);
			name = LaunchScreen.storyboard;
			sourceTree = "<group>";
		};
/* End PBXVariantGroup section */

/* Begin XCBuildConfiguration section */
		C1FB000D1E57C668002EF598 /* Debug */ = {
			isa = XCBuildConfiguration;
			buildSettings = {
				ALWAYS_SEARCH_USER_PATHS = NO;
				CLANG_ANALYZER_NONNULL = YES;
				CLANG_CXX_LANGUAGE_STANDARD = "gnu++0x";
				CLANG_CXX_LIBRARY = "libc++";
				CLANG_ENABLE_MODULES = YES;
				CLANG_ENABLE_OBJC_ARC = YES;
				CLANG_WARN_BOOL_CONVERSION = YES;
				CLANG_WARN_CONSTANT_CONVERSION = YES;
				CLANG_WARN_DIRECT_OBJC_ISA_USAGE = YES_ERROR;
				CLANG_WARN_DOCUMENTATION_COMMENTS = YES;
				CLANG_WARN_EMPTY_BODY = YES;
				CLANG_WARN_ENUM_CONVERSION = YES;
				CLANG_WARN_INFINITE_RECURSION = YES;
				CLANG_WARN_INT_CONVERSION = YES;
				CLANG_WARN_OBJC_ROOT_CLASS = YES_ERROR;
				CLANG_WARN_SUSPICIOUS_MOVE = YES;
				CLANG_WARN_UNREACHABLE_CODE = YES;
				CLANG_WARN__DUPLICATE_METHOD_MATCH = YES;
				"CODE_SIGN_IDENTITY[sdk=iphoneos*]" = "iPhone Developer";
				COPY_PHASE_STRIP = NO;
				DEBUG_INFORMATION_FORMAT = dwarf;
				ENABLE_STRICT_OBJC_MSGSEND = YES;
				ENABLE_TESTABILITY = YES;
				GCC_C_LANGUAGE_STANDARD = gnu99;
				GCC_DYNAMIC_NO_PIC = NO;
				GCC_NO_COMMON_BLOCKS = YES;
				GCC_OPTIMIZATION_LEVEL = 0;
				GCC_PREPROCESSOR_DEFINITIONS = (
					"DEBUG=1",
					"$(inherited)",
				);
				GCC_WARN_64_TO_32_BIT_CONVERSION = YES;
				GCC_WARN_ABOUT_RETURN_TYPE = YES_ERROR;
				GCC_WARN_UNDECLARED_SELECTOR = YES;
				GCC_WARN_UNINITIALIZED_AUTOS = YES_AGGRESSIVE;
				GCC_WARN_UNUSED_FUNCTION = YES;
				GCC_WARN_UNUSED_VARIABLE = YES;
				IPHONEOS_DEPLOYMENT_TARGET = 10.2;
				MTL_ENABLE_DEBUG_INFO = YES;
				ONLY_ACTIVE_ARCH = YES;
				SDKROOT = iphoneos;
				SWIFT_ACTIVE_COMPILATION_CONDITIONS = DEBUG;
				SWIFT_OPTIMIZATION_LEVEL = "-Onone";
				TARGETED_DEVICE_FAMILY = "1,2";
			};
			name = Debug;
		};
		C1FB000E1E57C668002EF598 /* Release */ = {
			isa = XCBuildConfiguration;
			buildSettings = {
				ALWAYS_SEARCH_USER_PATHS = NO;
				CLANG_ANALYZER_NONNULL = YES;
				CLANG_CXX_LANGUAGE_STANDARD = "gnu++0x";
				CLANG_CXX_LIBRARY = "libc++";
				CLANG_ENABLE_MODULES = YES;
				CLANG_ENABLE_OBJC_ARC = YES;
				CLANG_WARN_BOOL_CONVERSION = YES;
				CLANG_WARN_CONSTANT_CONVERSION = YES;
				CLANG_WARN_DIRECT_OBJC_ISA_USAGE = YES_ERROR;
				CLANG_WARN_DOCUMENTATION_COMMENTS = YES;
				CLANG_WARN_EMPTY_BODY = YES;
				CLANG_WARN_ENUM_CONVERSION = YES;
				CLANG_WARN_INFINITE_RECURSION = YES;
				CLANG_WARN_INT_CONVERSION = YES;
				CLANG_WARN_OBJC_ROOT_CLASS = YES_ERROR;
				CLANG_WARN_SUSPICIOUS_MOVE = YES;
				CLANG_WARN_UNREACHABLE_CODE = YES;
				CLANG_WARN__DUPLICATE_METHOD_MATCH = YES;
				"CODE_SIGN_IDENTITY[sdk=iphoneos*]" = "iPhone Developer";
				COPY_PHASE_STRIP = NO;
				DEBUG_INFORMATION_FORMAT = "dwarf-with-dsym";
				ENABLE_NS_ASSERTIONS = NO;
				ENABLE_STRICT_OBJC_MSGSEND = YES;
				GCC_C_LANGUAGE_STANDARD = gnu99;
				GCC_NO_COMMON_BLOCKS = YES;
				GCC_WARN_64_TO_32_BIT_CONVERSION = YES;
				GCC_WARN_ABOUT_RETURN_TYPE = YES_ERROR;
				GCC_WARN_UNDECLARED_SELECTOR = YES;
				GCC_WARN_UNINITIALIZED_AUTOS = YES_AGGRESSIVE;
				GCC_WARN_UNUSED_FUNCTION = YES;
				GCC_WARN_UNUSED_VARIABLE = YES;
				IPHONEOS_DEPLOYMENT_TARGET = 10.2;
				MTL_ENABLE_DEBUG_INFO = NO;
				SDKROOT = iphoneos;
				SWIFT_OPTIMIZATION_LEVEL = "-Owholemodule";
				TARGETED_DEVICE_FAMILY = "1,2";
				VALIDATE_PRODUCT = YES;
			};
			name = Release;
		};
		C1FB00101E57C668002EF598 /* Debug */ = {
			isa = XCBuildConfiguration;
			baseConfigurationReference = 9B57AC93F5A9923F2B6080A2 /* Pods-AIperLife-iOs.debug.xcconfig */;
			buildSettings = {
				ASSETCATALOG_COMPILER_APPICON_NAME = AppIcon;
				ASSETCATALOG_COMPILER_LAUNCHIMAGE_NAME = LaunchImage;
				CLANG_ENABLE_MODULES = YES;
				DEVELOPMENT_TEAM = 6M8TQ93XUP;
				INFOPLIST_FILE = "AIperLife-iOs/Info.plist";
				IPHONEOS_DEPLOYMENT_TARGET = 10.2;
				LD_RUNPATH_SEARCH_PATHS = "$(inherited) @executable_path/Frameworks";
				PRODUCT_BUNDLE_IDENTIFIER = "com.fwdnxt.AIperLife-iOs";
				PRODUCT_NAME = "$(TARGET_NAME)";
				SWIFT_OBJC_BRIDGING_HEADER = "thnets/thnets-camera-Bridging-Header.h";
				SWIFT_OPTIMIZATION_LEVEL = "-Onone";
				SWIFT_VERSION = 3.0;
			};
			name = Debug;
		};
		C1FB00111E57C668002EF598 /* Release */ = {
			isa = XCBuildConfiguration;
			baseConfigurationReference = 1650FA7F76B427E09C935048 /* Pods-AIperLife-iOs.release.xcconfig */;
			buildSettings = {
				ASSETCATALOG_COMPILER_APPICON_NAME = AppIcon;
				ASSETCATALOG_COMPILER_LAUNCHIMAGE_NAME = LaunchImage;
				CLANG_ENABLE_MODULES = YES;
				DEVELOPMENT_TEAM = 6M8TQ93XUP;
				INFOPLIST_FILE = "AIperLife-iOs/Info.plist";
				IPHONEOS_DEPLOYMENT_TARGET = 10.2;
				LD_RUNPATH_SEARCH_PATHS = "$(inherited) @executable_path/Frameworks";
				PRODUCT_BUNDLE_IDENTIFIER = "com.fwdnxt.AIperLife-iOs";
				PRODUCT_NAME = "$(TARGET_NAME)";
				SWIFT_OBJC_BRIDGING_HEADER = "thnets/thnets-camera-Bridging-Header.h";
				SWIFT_VERSION = 3.0;
			};
			name = Release;
		};
/* End XCBuildConfiguration section */

/* Begin XCConfigurationList section */
		C1FB000F1E57C668002EF598 /* Build configuration list for PBXNativeTarget "AIperLife-iOs" */ = {
			isa = XCConfigurationList;
			buildConfigurations = (
				C1FB00101E57C668002EF598 /* Debug */,
				C1FB00111E57C668002EF598 /* Release */,
			);
			defaultConfigurationIsVisible = 0;
			defaultConfigurationName = Release;
		};
		C1FBFFE21E57C668002EF598 /* Build configuration list for PBXProject "AIperLife-iOs" */ = {
			isa = XCConfigurationList;
			buildConfigurations = (
				C1FB000D1E57C668002EF598 /* Debug */,
				C1FB000E1E57C668002EF598 /* Release */,
			);
			defaultConfigurationIsVisible = 0;
			defaultConfigurationName = Release;
		};
/* End XCConfigurationList section */
	};
	rootObject = C1FBFFDF1E57C668002EF598 /* Project object */;
}
