// !$*UTF8*$!
{
	archiveVersion = 1;
	classes = {
	};
	objectVersion = 46;
	objects = {

/* Begin PBXBuildFile section */
		86F1F47E1E6E0F2400DCCAB4 /* MenuViewController.swift in Sources */ = {isa = PBXBuildFile; fileRef = 86F1F47D1E6E0F2400DCCAB4 /* MenuViewController.swift */; };
		86F1F4801E6F617F00DCCAB4 /* playViewController.swift in Sources */ = {isa = PBXBuildFile; fileRef = 86F1F47F1E6F617F00DCCAB4 /* playViewController.swift */; };
		86F1F4821E6F632B00DCCAB4 /* LoadViewController.swift in Sources */ = {isa = PBXBuildFile; fileRef = 86F1F4811E6F632B00DCCAB4 /* LoadViewController.swift */; };
		C10093B11E732BCA007A597B /* neural-nets in Resources */ = {isa = PBXBuildFile; fileRef = C1159EB91E69E8DE00ABF833 /* neural-nets */; };
		C1159EB31E69E4D200ABF833 /* Accelerate.framework in Frameworks */ = {isa = PBXBuildFile; fileRef = C1159EB21E69E4D200ABF833 /* Accelerate.framework */; };
		C1159EB51E69E64C00ABF833 /* AppDelegate.swift in Sources */ = {isa = PBXBuildFile; fileRef = C1FBFFEA1E57C668002EF598 /* AppDelegate.swift */; };
		C1159EB61E69E64C00ABF833 /* ViewController.swift in Sources */ = {isa = PBXBuildFile; fileRef = C1FBFFEC1E57C668002EF598 /* ViewController.swift */; };
		C1159EBC1E69E99E00ABF833 /* Images.xcassets in Resources */ = {isa = PBXBuildFile; fileRef = C1159EBB1E69E99E00ABF833 /* Images.xcassets */; };
		C12BF18E1E69E46E00D24035 /* CAddTable.c in Sources */ = {isa = PBXBuildFile; fileRef = C12BF1781E69E46E00D24035 /* CAddTable.c */; };
		C12BF18F1E69E46E00D24035 /* Concat.c in Sources */ = {isa = PBXBuildFile; fileRef = C12BF17A1E69E46E00D24035 /* Concat.c */; };
		C12BF1901E69E46E00D24035 /* ConcatTable.c in Sources */ = {isa = PBXBuildFile; fileRef = C12BF17B1E69E46E00D24035 /* ConcatTable.c */; };
		C12BF1911E69E46E00D24035 /* Dropout.c in Sources */ = {isa = PBXBuildFile; fileRef = C12BF17C1E69E46E00D24035 /* Dropout.c */; };
		C12BF1921E69E46E00D24035 /* JoinTable.c in Sources */ = {isa = PBXBuildFile; fileRef = C12BF17D1E69E46E00D24035 /* JoinTable.c */; };
		C12BF1931E69E46E00D24035 /* Linear.c in Sources */ = {isa = PBXBuildFile; fileRef = C12BF17E1E69E46E00D24035 /* Linear.c */; };
		C12BF1941E69E46E00D24035 /* Normalize.c in Sources */ = {isa = PBXBuildFile; fileRef = C12BF17F1E69E46E00D24035 /* Normalize.c */; };
		C12BF1951E69E46E00D24035 /* PReLU.c in Sources */ = {isa = PBXBuildFile; fileRef = C12BF1801E69E46E00D24035 /* PReLU.c */; };
		C12BF1961E69E46E00D24035 /* Reshape.c in Sources */ = {isa = PBXBuildFile; fileRef = C12BF1811E69E46E00D24035 /* Reshape.c */; };
		C12BF1971E69E46E00D24035 /* Sequential.c in Sources */ = {isa = PBXBuildFile; fileRef = C12BF1821E69E46E00D24035 /* Sequential.c */; };
		C12BF1981E69E46E00D24035 /* SoftMax.c in Sources */ = {isa = PBXBuildFile; fileRef = C12BF1831E69E46E00D24035 /* SoftMax.c */; };
		C12BF1991E69E46E00D24035 /* SpatialAveragePooling.c in Sources */ = {isa = PBXBuildFile; fileRef = C12BF1841E69E46E00D24035 /* SpatialAveragePooling.c */; };
		C12BF19A1E69E46E00D24035 /* SpatialBatchNormalization.c in Sources */ = {isa = PBXBuildFile; fileRef = C12BF1851E69E46E00D24035 /* SpatialBatchNormalization.c */; };
		C12BF19B1E69E46E00D24035 /* SpatialConvolution.c in Sources */ = {isa = PBXBuildFile; fileRef = C12BF1861E69E46E00D24035 /* SpatialConvolution.c */; };
		C12BF19C1E69E46E00D24035 /* SpatialConvolutionMM.c in Sources */ = {isa = PBXBuildFile; fileRef = C12BF1871E69E46E00D24035 /* SpatialConvolutionMM.c */; settings = {COMPILER_FLAGS = "-DUSEBLAS -DACCELERATE"; }; };
		C12BF19D1E69E46E00D24035 /* SpatialFullConvolution.c in Sources */ = {isa = PBXBuildFile; fileRef = C12BF1881E69E46E00D24035 /* SpatialFullConvolution.c */; };
		C12BF19E1E69E46E00D24035 /* SpatialMaxPooling.c in Sources */ = {isa = PBXBuildFile; fileRef = C12BF1891E69E46E00D24035 /* SpatialMaxPooling.c */; };
		C12BF19F1E69E46E00D24035 /* SpatialMaxUnpooling.c in Sources */ = {isa = PBXBuildFile; fileRef = C12BF18A1E69E46E00D24035 /* SpatialMaxUnpooling.c */; };
		C12BF1A01E69E46E00D24035 /* SpatialZeroPadding.c in Sources */ = {isa = PBXBuildFile; fileRef = C12BF18B1E69E46E00D24035 /* SpatialZeroPadding.c */; };
		C12BF1A11E69E46E00D24035 /* Threshold.c in Sources */ = {isa = PBXBuildFile; fileRef = C12BF18C1E69E46E00D24035 /* Threshold.c */; };
		C12BF1A21E69E46E00D24035 /* View.c in Sources */ = {isa = PBXBuildFile; fileRef = C12BF18D1E69E46E00D24035 /* View.c */; };
		C12BF1AA1E69E48500D24035 /* memorydebug.c in Sources */ = {isa = PBXBuildFile; fileRef = C12BF1A31E69E48500D24035 /* memorydebug.c */; };
		C12BF1AB1E69E48500D24035 /* pytorch.c in Sources */ = {isa = PBXBuildFile; fileRef = C12BF1A41E69E48500D24035 /* pytorch.c */; };
		C12BF1AC1E69E48500D24035 /* thapi.c in Sources */ = {isa = PBXBuildFile; fileRef = C12BF1A51E69E48500D24035 /* thapi.c */; settings = {COMPILER_FLAGS = "-DUSEBLAS -DACCELERATE"; }; };
		C12BF1AD1E69E48500D24035 /* thbasic.c in Sources */ = {isa = PBXBuildFile; fileRef = C12BF1A61E69E48500D24035 /* thbasic.c */; settings = {COMPILER_FLAGS = "-DUSEBLAS -DACCELERATE"; }; };
		C12BF1AE1E69E48500D24035 /* thload.c in Sources */ = {isa = PBXBuildFile; fileRef = C12BF1A71E69E48500D24035 /* thload.c */; };
		C1FBFFF01E57C668002EF598 /* Main.storyboard in Resources */ = {isa = PBXBuildFile; fileRef = C1FBFFEE1E57C668002EF598 /* Main.storyboard */; };
		C1FBFFF51E57C668002EF598 /* LaunchScreen.storyboard in Resources */ = {isa = PBXBuildFile; fileRef = C1FBFFF31E57C668002EF598 /* LaunchScreen.storyboard */; };
/* End PBXBuildFile section */

/* Begin PBXFileReference section */
		86F1F47D1E6E0F2400DCCAB4 /* MenuViewController.swift */ = {isa = PBXFileReference; fileEncoding = 4; lastKnownFileType = sourcecode.swift; path = MenuViewController.swift; sourceTree = "<group>"; };
		86F1F47F1E6F617F00DCCAB4 /* playViewController.swift */ = {isa = PBXFileReference; fileEncoding = 4; lastKnownFileType = sourcecode.swift; path = playViewController.swift; sourceTree = "<group>"; };
		86F1F4811E6F632B00DCCAB4 /* LoadViewController.swift */ = {isa = PBXFileReference; fileEncoding = 4; lastKnownFileType = sourcecode.swift; path = LoadViewController.swift; sourceTree = "<group>"; };
		C1159EB21E69E4D200ABF833 /* Accelerate.framework */ = {isa = PBXFileReference; lastKnownFileType = wrapper.framework; name = Accelerate.framework; path = System/Library/Frameworks/Accelerate.framework; sourceTree = SDKROOT; };
		C1159EB41E69E57A00ABF833 /* thvector.h */ = {isa = PBXFileReference; lastKnownFileType = sourcecode.c.h; name = thvector.h; path = thnets/thvector.h; sourceTree = "<group>"; };
		C1159EB91E69E8DE00ABF833 /* neural-nets */ = {isa = PBXFileReference; lastKnownFileType = folder; path = "neural-nets"; sourceTree = "<group>"; };
		C1159EBB1E69E99E00ABF833 /* Images.xcassets */ = {isa = PBXFileReference; lastKnownFileType = folder.assetcatalog; path = Images.xcassets; sourceTree = "<group>"; };
		C12BF16B1E69E3BF00D24035 /* AIperLife-iOs.app */ = {isa = PBXFileReference; explicitFileType = wrapper.application; includeInIndex = 0; path = "AIperLife-iOs.app"; sourceTree = BUILT_PRODUCTS_DIR; };
		C12BF1781E69E46E00D24035 /* CAddTable.c */ = {isa = PBXFileReference; fileEncoding = 4; lastKnownFileType = sourcecode.c.c; path = CAddTable.c; sourceTree = "<group>"; };
		C12BF17A1E69E46E00D24035 /* Concat.c */ = {isa = PBXFileReference; fileEncoding = 4; lastKnownFileType = sourcecode.c.c; path = Concat.c; sourceTree = "<group>"; };
		C12BF17B1E69E46E00D24035 /* ConcatTable.c */ = {isa = PBXFileReference; fileEncoding = 4; lastKnownFileType = sourcecode.c.c; path = ConcatTable.c; sourceTree = "<group>"; };
		C12BF17C1E69E46E00D24035 /* Dropout.c */ = {isa = PBXFileReference; fileEncoding = 4; lastKnownFileType = sourcecode.c.c; path = Dropout.c; sourceTree = "<group>"; };
		C12BF17D1E69E46E00D24035 /* JoinTable.c */ = {isa = PBXFileReference; fileEncoding = 4; lastKnownFileType = sourcecode.c.c; path = JoinTable.c; sourceTree = "<group>"; };
		C12BF17E1E69E46E00D24035 /* Linear.c */ = {isa = PBXFileReference; fileEncoding = 4; lastKnownFileType = sourcecode.c.c; path = Linear.c; sourceTree = "<group>"; };
		C12BF17F1E69E46E00D24035 /* Normalize.c */ = {isa = PBXFileReference; fileEncoding = 4; lastKnownFileType = sourcecode.c.c; path = Normalize.c; sourceTree = "<group>"; };
		C12BF1801E69E46E00D24035 /* PReLU.c */ = {isa = PBXFileReference; fileEncoding = 4; lastKnownFileType = sourcecode.c.c; path = PReLU.c; sourceTree = "<group>"; };
		C12BF1811E69E46E00D24035 /* Reshape.c */ = {isa = PBXFileReference; fileEncoding = 4; lastKnownFileType = sourcecode.c.c; path = Reshape.c; sourceTree = "<group>"; };
		C12BF1821E69E46E00D24035 /* Sequential.c */ = {isa = PBXFileReference; fileEncoding = 4; lastKnownFileType = sourcecode.c.c; path = Sequential.c; sourceTree = "<group>"; };
		C12BF1831E69E46E00D24035 /* SoftMax.c */ = {isa = PBXFileReference; fileEncoding = 4; lastKnownFileType = sourcecode.c.c; path = SoftMax.c; sourceTree = "<group>"; };
		C12BF1841E69E46E00D24035 /* SpatialAveragePooling.c */ = {isa = PBXFileReference; fileEncoding = 4; lastKnownFileType = sourcecode.c.c; path = SpatialAveragePooling.c; sourceTree = "<group>"; };
		C12BF1851E69E46E00D24035 /* SpatialBatchNormalization.c */ = {isa = PBXFileReference; fileEncoding = 4; lastKnownFileType = sourcecode.c.c; path = SpatialBatchNormalization.c; sourceTree = "<group>"; };
		C12BF1861E69E46E00D24035 /* SpatialConvolution.c */ = {isa = PBXFileReference; fileEncoding = 4; lastKnownFileType = sourcecode.c.c; path = SpatialConvolution.c; sourceTree = "<group>"; };
		C12BF1871E69E46E00D24035 /* SpatialConvolutionMM.c */ = {isa = PBXFileReference; fileEncoding = 4; lastKnownFileType = sourcecode.c.c; path = SpatialConvolutionMM.c; sourceTree = "<group>"; };
		C12BF1881E69E46E00D24035 /* SpatialFullConvolution.c */ = {isa = PBXFileReference; fileEncoding = 4; lastKnownFileType = sourcecode.c.c; path = SpatialFullConvolution.c; sourceTree = "<group>"; };
		C12BF1891E69E46E00D24035 /* SpatialMaxPooling.c */ = {isa = PBXFileReference; fileEncoding = 4; lastKnownFileType = sourcecode.c.c; path = SpatialMaxPooling.c; sourceTree = "<group>"; };
		C12BF18A1E69E46E00D24035 /* SpatialMaxUnpooling.c */ = {isa = PBXFileReference; fileEncoding = 4; lastKnownFileType = sourcecode.c.c; path = SpatialMaxUnpooling.c; sourceTree = "<group>"; };
		C12BF18B1E69E46E00D24035 /* SpatialZeroPadding.c */ = {isa = PBXFileReference; fileEncoding = 4; lastKnownFileType = sourcecode.c.c; path = SpatialZeroPadding.c; sourceTree = "<group>"; };
		C12BF18C1E69E46E00D24035 /* Threshold.c */ = {isa = PBXFileReference; fileEncoding = 4; lastKnownFileType = sourcecode.c.c; path = Threshold.c; sourceTree = "<group>"; };
		C12BF18D1E69E46E00D24035 /* View.c */ = {isa = PBXFileReference; fileEncoding = 4; lastKnownFileType = sourcecode.c.c; path = View.c; sourceTree = "<group>"; };
		C12BF1A31E69E48500D24035 /* memorydebug.c */ = {isa = PBXFileReference; fileEncoding = 4; lastKnownFileType = sourcecode.c.c; name = memorydebug.c; path = thnets/memorydebug.c; sourceTree = "<group>"; };
		C12BF1A41E69E48500D24035 /* pytorch.c */ = {isa = PBXFileReference; fileEncoding = 4; lastKnownFileType = sourcecode.c.c; name = pytorch.c; path = thnets/pytorch.c; sourceTree = "<group>"; };
		C12BF1A51E69E48500D24035 /* thapi.c */ = {isa = PBXFileReference; fileEncoding = 4; lastKnownFileType = sourcecode.c.c; name = thapi.c; path = thnets/thapi.c; sourceTree = "<group>"; };
		C12BF1A61E69E48500D24035 /* thbasic.c */ = {isa = PBXFileReference; fileEncoding = 4; lastKnownFileType = sourcecode.c.c; name = thbasic.c; path = thnets/thbasic.c; sourceTree = "<group>"; };
		C12BF1A71E69E48500D24035 /* thload.c */ = {isa = PBXFileReference; fileEncoding = 4; lastKnownFileType = sourcecode.c.c; name = thload.c; path = thnets/thload.c; sourceTree = "<group>"; };
		C12BF1A91E69E48500D24035 /* thnets.h */ = {isa = PBXFileReference; fileEncoding = 4; lastKnownFileType = sourcecode.c.h; name = thnets.h; path = thnets/thnets.h; sourceTree = "<group>"; };
		C1FBFFEA1E57C668002EF598 /* AppDelegate.swift */ = {isa = PBXFileReference; lastKnownFileType = sourcecode.swift; path = AppDelegate.swift; sourceTree = "<group>"; };
		C1FBFFEC1E57C668002EF598 /* ViewController.swift */ = {isa = PBXFileReference; lastKnownFileType = sourcecode.swift; path = ViewController.swift; sourceTree = "<group>"; };
		C1FBFFEF1E57C668002EF598 /* Base */ = {isa = PBXFileReference; lastKnownFileType = file.storyboard; name = Base; path = Base.lproj/Main.storyboard; sourceTree = "<group>"; };
		C1FBFFF41E57C668002EF598 /* Base */ = {isa = PBXFileReference; lastKnownFileType = file.storyboard; name = Base; path = Base.lproj/LaunchScreen.storyboard; sourceTree = "<group>"; };
		C1FBFFF61E57C668002EF598 /* Info.plist */ = {isa = PBXFileReference; lastKnownFileType = text.plist.xml; path = Info.plist; sourceTree = "<group>"; };
/* End PBXFileReference section */

/* Begin PBXFrameworksBuildPhase section */
		C1FBFFE41E57C668002EF598 /* Frameworks */ = {
			isa = PBXFrameworksBuildPhase;
			buildActionMask = 2147483647;
			files = (
				C1159EB31E69E4D200ABF833 /* Accelerate.framework in Frameworks */,
			);
			runOnlyForDeploymentPostprocessing = 0;
		};
/* End PBXFrameworksBuildPhase section */

/* Begin PBXGroup section */
		C1159EB11E69E4D100ABF833 /* Frameworks */ = {
			isa = PBXGroup;
			children = (
				C1159EB21E69E4D200ABF833 /* Accelerate.framework */,
			);
			name = Frameworks;
			sourceTree = "<group>";
		};
		C12BF1761E69E45D00D24035 /* thnets */ = {
			isa = PBXGroup;
			children = (
				C1159EB41E69E57A00ABF833 /* thvector.h */,
				C12BF1A31E69E48500D24035 /* memorydebug.c */,
				C12BF1A41E69E48500D24035 /* pytorch.c */,
				C12BF1A51E69E48500D24035 /* thapi.c */,
				C12BF1A61E69E48500D24035 /* thbasic.c */,
				C12BF1A71E69E48500D24035 /* thload.c */,
				C12BF1A91E69E48500D24035 /* thnets.h */,
				C12BF1771E69E46E00D24035 /* modules */,
			);
			name = thnets;
			sourceTree = "<group>";
		};
		C12BF1771E69E46E00D24035 /* modules */ = {
			isa = PBXGroup;
			children = (
				C12BF1781E69E46E00D24035 /* CAddTable.c */,
				C12BF17A1E69E46E00D24035 /* Concat.c */,
				C12BF17B1E69E46E00D24035 /* ConcatTable.c */,
				C12BF17C1E69E46E00D24035 /* Dropout.c */,
				C12BF17D1E69E46E00D24035 /* JoinTable.c */,
				C12BF17E1E69E46E00D24035 /* Linear.c */,
				C12BF17F1E69E46E00D24035 /* Normalize.c */,
				C12BF1801E69E46E00D24035 /* PReLU.c */,
				C12BF1811E69E46E00D24035 /* Reshape.c */,
				C12BF1821E69E46E00D24035 /* Sequential.c */,
				C12BF1831E69E46E00D24035 /* SoftMax.c */,
				C12BF1841E69E46E00D24035 /* SpatialAveragePooling.c */,
				C12BF1851E69E46E00D24035 /* SpatialBatchNormalization.c */,
				C12BF1861E69E46E00D24035 /* SpatialConvolution.c */,
				C12BF1871E69E46E00D24035 /* SpatialConvolutionMM.c */,
				C12BF1881E69E46E00D24035 /* SpatialFullConvolution.c */,
				C12BF1891E69E46E00D24035 /* SpatialMaxPooling.c */,
				C12BF18A1E69E46E00D24035 /* SpatialMaxUnpooling.c */,
				C12BF18B1E69E46E00D24035 /* SpatialZeroPadding.c */,
				C12BF18C1E69E46E00D24035 /* Threshold.c */,
				C12BF18D1E69E46E00D24035 /* View.c */,
			);
			name = modules;
			path = thnets/modules;
			sourceTree = "<group>";
		};
		C1FBFFDE1E57C668002EF598 = {
			isa = PBXGroup;
			children = (
				C1159EB91E69E8DE00ABF833 /* neural-nets */,
				C12BF1761E69E45D00D24035 /* thnets */,
				C1FBFFE91E57C668002EF598 /* AIperLife-iOs */,
				C12BF16B1E69E3BF00D24035 /* AIperLife-iOs.app */,
				C1159EB11E69E4D100ABF833 /* Frameworks */,
			);
			sourceTree = "<group>";
		};
		C1FBFFE91E57C668002EF598 /* AIperLife-iOs */ = {
			isa = PBXGroup;
			children = (
				C1FBFFEA1E57C668002EF598 /* AppDelegate.swift */,
				C1FBFFEC1E57C668002EF598 /* ViewController.swift */,
				C1FBFFEE1E57C668002EF598 /* Main.storyboard */,
				86F1F4811E6F632B00DCCAB4 /* LoadViewController.swift */,
				86F1F47F1E6F617F00DCCAB4 /* playViewController.swift */,
				86F1F47D1E6E0F2400DCCAB4 /* MenuViewController.swift */,
				C1FBFFF31E57C668002EF598 /* LaunchScreen.storyboard */,
				C1FBFFF61E57C668002EF598 /* Info.plist */,
				C1159EBB1E69E99E00ABF833 /* Images.xcassets */,
			);
			path = "AIperLife-iOs";
			sourceTree = "<group>";
		};
/* End PBXGroup section */

/* Begin PBXNativeTarget section */
		C1FBFFE61E57C668002EF598 /* AIperLife-iOs */ = {
			isa = PBXNativeTarget;
			buildConfigurationList = C1FB000F1E57C668002EF598 /* Build configuration list for PBXNativeTarget "AIperLife-iOs" */;
			buildPhases = (
				C1FBFFE31E57C668002EF598 /* Sources */,
				C1FBFFE41E57C668002EF598 /* Frameworks */,
				C1FBFFE51E57C668002EF598 /* Resources */,
			);
			buildRules = (
			);
			dependencies = (
			);
			name = "AIperLife-iOs";
			productName = "AIperLife-iOs";
			productReference = C12BF16B1E69E3BF00D24035 /* AIperLife-iOs.app */;
			productType = "com.apple.product-type.application";
		};
/* End PBXNativeTarget section */

/* Begin PBXProject section */
		C1FBFFDF1E57C668002EF598 /* Project object */ = {
			isa = PBXProject;
			attributes = {
				LastSwiftUpdateCheck = 0820;
				LastUpgradeCheck = 0820;
				ORGANIZATIONNAME = "Eugenio Culurciello";
				TargetAttributes = {
					C1FBFFE61E57C668002EF598 = {
						CreatedOnToolsVersion = 8.2.1;
						DevelopmentTeam = 6M8TQ93XUP;
						LastSwiftMigration = 0820;
						ProvisioningStyle = Automatic;
					};
				};
			};
			buildConfigurationList = C1FBFFE21E57C668002EF598 /* Build configuration list for PBXProject "AIperLife-iOs" */;
			compatibilityVersion = "Xcode 3.2";
			developmentRegion = English;
			hasScannedForEncodings = 0;
			knownRegions = (
				en,
				Base,
			);
			mainGroup = C1FBFFDE1E57C668002EF598;
			productRefGroup = C1FBFFDE1E57C668002EF598;
			projectDirPath = "";
			projectRoot = "";
			targets = (
				C1FBFFE61E57C668002EF598 /* AIperLife-iOs */,
			);
		};
/* End PBXProject section */

/* Begin PBXResourcesBuildPhase section */
		C1FBFFE51E57C668002EF598 /* Resources */ = {
			isa = PBXResourcesBuildPhase;
			buildActionMask = 2147483647;
			files = (
				C1159EBC1E69E99E00ABF833 /* Images.xcassets in Resources */,
				C10093B11E732BCA007A597B /* neural-nets in Resources */,
				C1FBFFF51E57C668002EF598 /* LaunchScreen.storyboard in Resources */,
				C1FBFFF01E57C668002EF598 /* Main.storyboard in Resources */,
			);
			runOnlyForDeploymentPostprocessing = 0;
		};
/* End PBXResourcesBuildPhase section */

/* Begin PBXSourcesBuildPhase section */
		C1FBFFE31E57C668002EF598 /* Sources */ = {
			isa = PBXSourcesBuildPhase;
			buildActionMask = 2147483647;
			files = (
				C1159EB51E69E64C00ABF833 /* AppDelegate.swift in Sources */,
				C1159EB61E69E64C00ABF833 /* ViewController.swift in Sources */,
				C12BF1AD1E69E48500D24035 /* thbasic.c in Sources */,
				C12BF1951E69E46E00D24035 /* PReLU.c in Sources */,
				C12BF18E1E69E46E00D24035 /* CAddTable.c in Sources */,
				C12BF1AE1E69E48500D24035 /* thload.c in Sources */,
				C12BF1901E69E46E00D24035 /* ConcatTable.c in Sources */,
				C12BF18F1E69E46E00D24035 /* Concat.c in Sources */,
				C12BF1921E69E46E00D24035 /* JoinTable.c in Sources */,
				86F1F47E1E6E0F2400DCCAB4 /* MenuViewController.swift in Sources */,
				C12BF1991E69E46E00D24035 /* SpatialAveragePooling.c in Sources */,
				C12BF1AC1E69E48500D24035 /* thapi.c in Sources */,
				C12BF1931E69E46E00D24035 /* Linear.c in Sources */,
				C12BF19F1E69E46E00D24035 /* SpatialMaxUnpooling.c in Sources */,
				C12BF19B1E69E46E00D24035 /* SpatialConvolution.c in Sources */,
				C12BF1971E69E46E00D24035 /* Sequential.c in Sources */,
				86F1F4821E6F632B00DCCAB4 /* LoadViewController.swift in Sources */,
				C12BF19C1E69E46E00D24035 /* SpatialConvolutionMM.c in Sources */,
				C12BF19D1E69E46E00D24035 /* SpatialFullConvolution.c in Sources */,
				C12BF1911E69E46E00D24035 /* Dropout.c in Sources */,
				C12BF1A01E69E46E00D24035 /* SpatialZeroPadding.c in Sources */,
				C12BF1AB1E69E48500D24035 /* pytorch.c in Sources */,
				C12BF19E1E69E46E00D24035 /* SpatialMaxPooling.c in Sources */,
				C12BF1A21E69E46E00D24035 /* View.c in Sources */,
				C12BF19A1E69E46E00D24035 /* SpatialBatchNormalization.c in Sources */,
				86F1F4801E6F617F00DCCAB4 /* playViewController.swift in Sources */,
				C12BF1981E69E46E00D24035 /* SoftMax.c in Sources */,
				C12BF1A11E69E46E00D24035 /* Threshold.c in Sources */,
				C12BF1941E69E46E00D24035 /* Normalize.c in Sources */,
				C12BF1AA1E69E48500D24035 /* memorydebug.c in Sources */,
				C12BF1961E69E46E00D24035 /* Reshape.c in Sources */,
			);
			runOnlyForDeploymentPostprocessing = 0;
		};
/* End PBXSourcesBuildPhase section */

/* Begin PBXVariantGroup section */
		C1FBFFEE1E57C668002EF598 /* Main.storyboard */ = {
			isa = PBXVariantGroup;
			children = (
				C1FBFFEF1E57C668002EF598 /* Base */,
			);
			name = Main.storyboard;
			sourceTree = "<group>";
		};
		C1FBFFF31E57C668002EF598 /* LaunchScreen.storyboard */ = {
			isa = PBXVariantGroup;
			children = (
				C1FBFFF41E57C668002EF598 /* Base */,
			);
			name = LaunchScreen.storyboard;
			sourceTree = "<group>";
		};
/* End PBXVariantGroup section */

/* Begin XCBuildConfiguration section */
		C1FB000D1E57C668002EF598 /* Debug */ = {
			isa = XCBuildConfiguration;
			buildSettings = {
				ALWAYS_SEARCH_USER_PATHS = NO;
				CLANG_ANALYZER_NONNULL = YES;
				CLANG_CXX_LANGUAGE_STANDARD = "gnu++0x";
				CLANG_CXX_LIBRARY = "libc++";
				CLANG_ENABLE_MODULES = YES;
				CLANG_ENABLE_OBJC_ARC = YES;
				CLANG_WARN_BOOL_CONVERSION = YES;
				CLANG_WARN_CONSTANT_CONVERSION = YES;
				CLANG_WARN_DIRECT_OBJC_ISA_USAGE = YES_ERROR;
				CLANG_WARN_DOCUMENTATION_COMMENTS = YES;
				CLANG_WARN_EMPTY_BODY = YES;
				CLANG_WARN_ENUM_CONVERSION = YES;
				CLANG_WARN_INFINITE_RECURSION = YES;
				CLANG_WARN_INT_CONVERSION = YES;
				CLANG_WARN_OBJC_ROOT_CLASS = YES_ERROR;
				CLANG_WARN_SUSPICIOUS_MOVE = YES;
				CLANG_WARN_UNREACHABLE_CODE = YES;
				CLANG_WARN__DUPLICATE_METHOD_MATCH = YES;
				"CODE_SIGN_IDENTITY[sdk=iphoneos*]" = "iPhone Developer";
				COPY_PHASE_STRIP = NO;
				DEBUG_INFORMATION_FORMAT = dwarf;
				ENABLE_STRICT_OBJC_MSGSEND = YES;
				ENABLE_TESTABILITY = YES;
				GCC_C_LANGUAGE_STANDARD = gnu99;
				GCC_DYNAMIC_NO_PIC = NO;
				GCC_NO_COMMON_BLOCKS = YES;
				GCC_OPTIMIZATION_LEVEL = 0;
				GCC_PREPROCESSOR_DEFINITIONS = (
					"DEBUG=1",
					"$(inherited)",
				);
				GCC_WARN_64_TO_32_BIT_CONVERSION = YES;
				GCC_WARN_ABOUT_RETURN_TYPE = YES_ERROR;
				GCC_WARN_UNDECLARED_SELECTOR = YES;
				GCC_WARN_UNINITIALIZED_AUTOS = YES_AGGRESSIVE;
				GCC_WARN_UNUSED_FUNCTION = YES;
				GCC_WARN_UNUSED_VARIABLE = YES;
				IPHONEOS_DEPLOYMENT_TARGET = 10.2;
				MTL_ENABLE_DEBUG_INFO = YES;
				ONLY_ACTIVE_ARCH = YES;
				SDKROOT = iphoneos;
				SWIFT_ACTIVE_COMPILATION_CONDITIONS = DEBUG;
				SWIFT_OPTIMIZATION_LEVEL = "-Onone";
				TARGETED_DEVICE_FAMILY = "1,2";
			};
			name = Debug;
		};
		C1FB000E1E57C668002EF598 /* Release */ = {
			isa = XCBuildConfiguration;
			buildSettings = {
				ALWAYS_SEARCH_USER_PATHS = NO;
				CLANG_ANALYZER_NONNULL = YES;
				CLANG_CXX_LANGUAGE_STANDARD = "gnu++0x";
				CLANG_CXX_LIBRARY = "libc++";
				CLANG_ENABLE_MODULES = YES;
				CLANG_ENABLE_OBJC_ARC = YES;
				CLANG_WARN_BOOL_CONVERSION = YES;
				CLANG_WARN_CONSTANT_CONVERSION = YES;
				CLANG_WARN_DIRECT_OBJC_ISA_USAGE = YES_ERROR;
				CLANG_WARN_DOCUMENTATION_COMMENTS = YES;
				CLANG_WARN_EMPTY_BODY = YES;
				CLANG_WARN_ENUM_CONVERSION = YES;
				CLANG_WARN_INFINITE_RECURSION = YES;
				CLANG_WARN_INT_CONVERSION = YES;
				CLANG_WARN_OBJC_ROOT_CLASS = YES_ERROR;
				CLANG_WARN_SUSPICIOUS_MOVE = YES;
				CLANG_WARN_UNREACHABLE_CODE = YES;
				CLANG_WARN__DUPLICATE_METHOD_MATCH = YES;
				"CODE_SIGN_IDENTITY[sdk=iphoneos*]" = "iPhone Developer";
				COPY_PHASE_STRIP = NO;
				DEBUG_INFORMATION_FORMAT = "dwarf-with-dsym";
				ENABLE_NS_ASSERTIONS = NO;
				ENABLE_STRICT_OBJC_MSGSEND = YES;
				GCC_C_LANGUAGE_STANDARD = gnu99;
				GCC_NO_COMMON_BLOCKS = YES;
				GCC_WARN_64_TO_32_BIT_CONVERSION = YES;
				GCC_WARN_ABOUT_RETURN_TYPE = YES_ERROR;
				GCC_WARN_UNDECLARED_SELECTOR = YES;
				GCC_WARN_UNINITIALIZED_AUTOS = YES_AGGRESSIVE;
				GCC_WARN_UNUSED_FUNCTION = YES;
				GCC_WARN_UNUSED_VARIABLE = YES;
				IPHONEOS_DEPLOYMENT_TARGET = 10.2;
				MTL_ENABLE_DEBUG_INFO = NO;
				SDKROOT = iphoneos;
				SWIFT_OPTIMIZATION_LEVEL = "-Owholemodule";
				TARGETED_DEVICE_FAMILY = "1,2";
				VALIDATE_PRODUCT = YES;
			};
			name = Release;
		};
		C1FB00101E57C668002EF598 /* Debug */ = {
			isa = XCBuildConfiguration;
			buildSettings = {
				ASSETCATALOG_COMPILER_APPICON_NAME = AppIcon;
				ASSETCATALOG_COMPILER_LAUNCHIMAGE_NAME = LaunchImage;
				CLANG_ENABLE_MODULES = YES;
				DEVELOPMENT_TEAM = 6M8TQ93XUP;
				INFOPLIST_FILE = "AIperLife-iOs/Info.plist";
				IPHONEOS_DEPLOYMENT_TARGET = 10.2;
				LD_RUNPATH_SEARCH_PATHS = "$(inherited) @executable_path/Frameworks";
				PRODUCT_BUNDLE_IDENTIFIER = "com.fwdnxt.AIperLife-iOs";
				PRODUCT_NAME = "$(TARGET_NAME)";
				SWIFT_OBJC_BRIDGING_HEADER = "thnets/thnets-camera-Bridging-Header.h";
				SWIFT_OPTIMIZATION_LEVEL = "-Onone";
				SWIFT_VERSION = 3.0;
			};
			name = Debug;
		};
		C1FB00111E57C668002EF598 /* Release */ = {
			isa = XCBuildConfiguration;
			buildSettings = {
				ASSETCATALOG_COMPILER_APPICON_NAME = AppIcon;
				ASSETCATALOG_COMPILER_LAUNCHIMAGE_NAME = LaunchImage;
				CLANG_ENABLE_MODULES = YES;
				DEVELOPMENT_TEAM = 6M8TQ93XUP;
				INFOPLIST_FILE = "AIperLife-iOs/Info.plist";
				IPHONEOS_DEPLOYMENT_TARGET = 10.2;
				LD_RUNPATH_SEARCH_PATHS = "$(inherited) @executable_path/Frameworks";
				PRODUCT_BUNDLE_IDENTIFIER = "com.fwdnxt.AIperLife-iOs";
				PRODUCT_NAME = "$(TARGET_NAME)";
				SWIFT_OBJC_BRIDGING_HEADER = "thnets/thnets-camera-Bridging-Header.h";
				SWIFT_VERSION = 3.0;
			};
			name = Release;
		};
/* End XCBuildConfiguration section */

/* Begin XCConfigurationList section */
		C1FB000F1E57C668002EF598 /* Build configuration list for PBXNativeTarget "AIperLife-iOs" */ = {
			isa = XCConfigurationList;
			buildConfigurations = (
				C1FB00101E57C668002EF598 /* Debug */,
				C1FB00111E57C668002EF598 /* Release */,
			);
			defaultConfigurationIsVisible = 0;
			defaultConfigurationName = Release;
		};
		C1FBFFE21E57C668002EF598 /* Build configuration list for PBXProject "AIperLife-iOs" */ = {
			isa = XCConfigurationList;
			buildConfigurations = (
				C1FB000D1E57C668002EF598 /* Debug */,
				C1FB000E1E57C668002EF598 /* Release */,
			);
			defaultConfigurationIsVisible = 0;
			defaultConfigurationName = Release;
		};
/* End XCConfigurationList section */
	};
	rootObject = C1FBFFDF1E57C668002EF598 /* Project object */;
}
